{
  "version": 4,
  "terraform_version": "1.6.0",
  "serial": 2,
  "lineage": "5e162144-c059-92ce-981a-f8463d211ce5",
  "outputs": {
    "bucket_url": {
      "value": "gs://example-bucket-vliu",
      "type": "string"
    }
  },
  "resources": [
    {
      "mode": "managed",
      "type": "google_storage_bucket",
      "name": "bucket",
      "provider": "provider[\"registry.terraform.io/hashicorp/google\"]",
      "instances": [
        {
          "schema_version": 0,
          "attributes": {
            "bucket_policy_only": false,
            "cors": [],
            "encryption": [],
            "force_destroy": false,
            "id": "example-bucket-vliu",
            "labels": null,
            "lifecycle_rule": [],
            "location": "US",
            "logging": [],
            "name": "example-bucket-vliu",
            "project": "gcp-learning-401106",
            "requester_pays": false,
            "retention_policy": [],
            "self_link": "https://www.googleapis.com/storage/v1/b/example-bucket-vliu",
            "storage_class": "STANDARD",
            "url": "gs://example-bucket-vliu",
            "versioning": [],
            "website": []
          },
          "sensitive_attributes": [],
          "private": "bnVsbA=="
        }
      ]
    }
  ],
  "check_results": null
}
